// !$*UTF8*$!
{
	archiveVersion = 1;
	classes = {
	};
	objectVersion = 46;
	objects = {

/* Begin PBXBuildFile section */
		68D4267B1989FF56009F72E4 /* Foundation.framework in Frameworks */ = {isa = PBXBuildFile; fileRef = 68D4267A1989FF56009F72E4 /* Foundation.framework */; };
		68D4267D1989FF56009F72E4 /* CoreGraphics.framework in Frameworks */ = {isa = PBXBuildFile; fileRef = 68D4267C1989FF56009F72E4 /* CoreGraphics.framework */; };
		68D4267F1989FF56009F72E4 /* UIKit.framework in Frameworks */ = {isa = PBXBuildFile; fileRef = 68D4267E1989FF56009F72E4 /* UIKit.framework */; };
		68D426851989FF56009F72E4 /* InfoPlist.strings in Resources */ = {isa = PBXBuildFile; fileRef = 68D426831989FF56009F72E4 /* InfoPlist.strings */; };
		68D426871989FF56009F72E4 /* main.m in Sources */ = {isa = PBXBuildFile; fileRef = 68D426861989FF56009F72E4 /* main.m */; };
		68D4268B1989FF56009F72E4 /* SFAppDelegate.m in Sources */ = {isa = PBXBuildFile; fileRef = 68D4268A1989FF56009F72E4 /* SFAppDelegate.m */; };
		68D4268E1989FF56009F72E4 /* Main.storyboard in Resources */ = {isa = PBXBuildFile; fileRef = 68D4268C1989FF56009F72E4 /* Main.storyboard */; };
		68D426911989FF56009F72E4 /* SFViewController.m in Sources */ = {isa = PBXBuildFile; fileRef = 68D426901989FF56009F72E4 /* SFViewController.m */; };
		68D426931989FF56009F72E4 /* Images.xcassets in Resources */ = {isa = PBXBuildFile; fileRef = 68D426921989FF56009F72E4 /* Images.xcassets */; };
		68D4269A1989FF56009F72E4 /* XCTest.framework in Frameworks */ = {isa = PBXBuildFile; fileRef = 68D426991989FF56009F72E4 /* XCTest.framework */; };
		68D4269B1989FF56009F72E4 /* Foundation.framework in Frameworks */ = {isa = PBXBuildFile; fileRef = 68D4267A1989FF56009F72E4 /* Foundation.framework */; };
		68D4269C1989FF56009F72E4 /* UIKit.framework in Frameworks */ = {isa = PBXBuildFile; fileRef = 68D4267E1989FF56009F72E4 /* UIKit.framework */; };
		68D426A41989FF56009F72E4 /* InfoPlist.strings in Resources */ = {isa = PBXBuildFile; fileRef = 68D426A21989FF56009F72E4 /* InfoPlist.strings */; };
		68D426A61989FF56009F72E4 /* crankcamTests.m in Sources */ = {isa = PBXBuildFile; fileRef = 68D426A51989FF56009F72E4 /* crankcamTests.m */; };
/* End PBXBuildFile section */

/* Begin PBXContainerItemProxy section */
		68D4269D1989FF56009F72E4 /* PBXContainerItemProxy */ = {
			isa = PBXContainerItemProxy;
			containerPortal = 68D4266F1989FF56009F72E4 /* Project object */;
			proxyType = 1;
			remoteGlobalIDString = 68D426761989FF56009F72E4;
			remoteInfo = crankcam;
		};
/* End PBXContainerItemProxy section */

/* Begin PBXFileReference section */
		68D426771989FF56009F72E4 /* crankcam.app */ = {isa = PBXFileReference; explicitFileType = wrapper.application; includeInIndex = 0; path = crankcam.app; sourceTree = BUILT_PRODUCTS_DIR; };
		68D4267A1989FF56009F72E4 /* Foundation.framework */ = {isa = PBXFileReference; lastKnownFileType = wrapper.framework; name = Foundation.framework; path = System/Library/Frameworks/Foundation.framework; sourceTree = SDKROOT; };
		68D4267C1989FF56009F72E4 /* CoreGraphics.framework */ = {isa = PBXFileReference; lastKnownFileType = wrapper.framework; name = CoreGraphics.framework; path = System/Library/Frameworks/CoreGraphics.framework; sourceTree = SDKROOT; };
		68D4267E1989FF56009F72E4 /* UIKit.framework */ = {isa = PBXFileReference; lastKnownFileType = wrapper.framework; name = UIKit.framework; path = System/Library/Frameworks/UIKit.framework; sourceTree = SDKROOT; };
		68D426821989FF56009F72E4 /* crankcam-Info.plist */ = {isa = PBXFileReference; lastKnownFileType = text.plist.xml; path = "crankcam-Info.plist"; sourceTree = "<group>"; };
		68D426841989FF56009F72E4 /* en */ = {isa = PBXFileReference; lastKnownFileType = text.plist.strings; name = en; path = en.lproj/InfoPlist.strings; sourceTree = "<group>"; };
		68D426861989FF56009F72E4 /* main.m */ = {isa = PBXFileReference; lastKnownFileType = sourcecode.c.objc; path = main.m; sourceTree = "<group>"; };
		68D426881989FF56009F72E4 /* crankcam-Prefix.pch */ = {isa = PBXFileReference; lastKnownFileType = sourcecode.c.h; path = "crankcam-Prefix.pch"; sourceTree = "<group>"; };
		68D426891989FF56009F72E4 /* SFAppDelegate.h */ = {isa = PBXFileReference; lastKnownFileType = sourcecode.c.h; path = SFAppDelegate.h; sourceTree = "<group>"; };
		68D4268A1989FF56009F72E4 /* SFAppDelegate.m */ = {isa = PBXFileReference; lastKnownFileType = sourcecode.c.objc; path = SFAppDelegate.m; sourceTree = "<group>"; };
		68D4268D1989FF56009F72E4 /* Base */ = {isa = PBXFileReference; lastKnownFileType = file.storyboard; name = Base; path = Base.lproj/Main.storyboard; sourceTree = "<group>"; };
		68D4268F1989FF56009F72E4 /* SFViewController.h */ = {isa = PBXFileReference; lastKnownFileType = sourcecode.c.h; path = SFViewController.h; sourceTree = "<group>"; };
		68D426901989FF56009F72E4 /* SFViewController.m */ = {isa = PBXFileReference; lastKnownFileType = sourcecode.c.objc; path = SFViewController.m; sourceTree = "<group>"; };
		68D426921989FF56009F72E4 /* Images.xcassets */ = {isa = PBXFileReference; lastKnownFileType = folder.assetcatalog; path = Images.xcassets; sourceTree = "<group>"; };
		68D426981989FF56009F72E4 /* crankcamTests.xctest */ = {isa = PBXFileReference; explicitFileType = wrapper.cfbundle; includeInIndex = 0; path = crankcamTests.xctest; sourceTree = BUILT_PRODUCTS_DIR; };
		68D426991989FF56009F72E4 /* XCTest.framework */ = {isa = PBXFileReference; lastKnownFileType = wrapper.framework; name = XCTest.framework; path = Library/Frameworks/XCTest.framework; sourceTree = DEVELOPER_DIR; };
		68D426A11989FF56009F72E4 /* crankcamTests-Info.plist */ = {isa = PBXFileReference; lastKnownFileType = text.plist.xml; path = "crankcamTests-Info.plist"; sourceTree = "<group>"; };
		68D426A31989FF56009F72E4 /* en */ = {isa = PBXFileReference; lastKnownFileType = text.plist.strings; name = en; path = en.lproj/InfoPlist.strings; sourceTree = "<group>"; };
		68D426A51989FF56009F72E4 /* crankcamTests.m */ = {isa = PBXFileReference; lastKnownFileType = sourcecode.c.objc; path = crankcamTests.m; sourceTree = "<group>"; };
/* End PBXFileReference section */

/* Begin PBXFrameworksBuildPhase section */
		68D426741989FF56009F72E4 /* Frameworks */ = {
			isa = PBXFrameworksBuildPhase;
			buildActionMask = 2147483647;
			files = (
				68D4267D1989FF56009F72E4 /* CoreGraphics.framework in Frameworks */,
				68D4267F1989FF56009F72E4 /* UIKit.framework in Frameworks */,
				68D4267B1989FF56009F72E4 /* Foundation.framework in Frameworks */,
			);
			runOnlyForDeploymentPostprocessing = 0;
		};
		68D426951989FF56009F72E4 /* Frameworks */ = {
			isa = PBXFrameworksBuildPhase;
			buildActionMask = 2147483647;
			files = (
				68D4269A1989FF56009F72E4 /* XCTest.framework in Frameworks */,
				68D4269C1989FF56009F72E4 /* UIKit.framework in Frameworks */,
				68D4269B1989FF56009F72E4 /* Foundation.framework in Frameworks */,
			);
			runOnlyForDeploymentPostprocessing = 0;
		};
/* End PBXFrameworksBuildPhase section */

/* Begin PBXGroup section */
		68D4266E1989FF56009F72E4 = {
			isa = PBXGroup;
			children = (
				68D426801989FF56009F72E4 /* crankcam */,
				68D4269F1989FF56009F72E4 /* crankcamTests */,
				68D426791989FF56009F72E4 /* Frameworks */,
				68D426781989FF56009F72E4 /* Products */,
			);
			sourceTree = "<group>";
		};
		68D426781989FF56009F72E4 /* Products */ = {
			isa = PBXGroup;
			children = (
				68D426771989FF56009F72E4 /* crankcam.app */,
				68D426981989FF56009F72E4 /* crankcamTests.xctest */,
			);
			name = Products;
			sourceTree = "<group>";
		};
		68D426791989FF56009F72E4 /* Frameworks */ = {
			isa = PBXGroup;
			children = (
				68D4267A1989FF56009F72E4 /* Foundation.framework */,
				68D4267C1989FF56009F72E4 /* CoreGraphics.framework */,
				68D4267E1989FF56009F72E4 /* UIKit.framework */,
				68D426991989FF56009F72E4 /* XCTest.framework */,
			);
			name = Frameworks;
			sourceTree = "<group>";
		};
		68D426801989FF56009F72E4 /* crankcam */ = {
			isa = PBXGroup;
			children = (
				68D426891989FF56009F72E4 /* SFAppDelegate.h */,
				68D4268A1989FF56009F72E4 /* SFAppDelegate.m */,
				68D4268C1989FF56009F72E4 /* Main.storyboard */,
				68D4268F1989FF56009F72E4 /* SFViewController.h */,
				68D426901989FF56009F72E4 /* SFViewController.m */,
				68D426921989FF56009F72E4 /* Images.xcassets */,
				68D426811989FF56009F72E4 /* Supporting Files */,
			);
			path = crankcam;
			sourceTree = "<group>";
		};
		68D426811989FF56009F72E4 /* Supporting Files */ = {
			isa = PBXGroup;
			children = (
				68D426821989FF56009F72E4 /* crankcam-Info.plist */,
				68D426831989FF56009F72E4 /* InfoPlist.strings */,
				68D426861989FF56009F72E4 /* main.m */,
				68D426881989FF56009F72E4 /* crankcam-Prefix.pch */,
			);
			name = "Supporting Files";
			sourceTree = "<group>";
		};
		68D4269F1989FF56009F72E4 /* crankcamTests */ = {
			isa = PBXGroup;
			children = (
				68D426A51989FF56009F72E4 /* crankcamTests.m */,
				68D426A01989FF56009F72E4 /* Supporting Files */,
			);
			path = crankcamTests;
			sourceTree = "<group>";
		};
		68D426A01989FF56009F72E4 /* Supporting Files */ = {
			isa = PBXGroup;
			children = (
				68D426A11989FF56009F72E4 /* crankcamTests-Info.plist */,
				68D426A21989FF56009F72E4 /* InfoPlist.strings */,
			);
			name = "Supporting Files";
			sourceTree = "<group>";
		};
/* End PBXGroup section */

/* Begin PBXNativeTarget section */
		68D426761989FF56009F72E4 /* crankcam */ = {
			isa = PBXNativeTarget;
			buildConfigurationList = 68D426A91989FF56009F72E4 /* Build configuration list for PBXNativeTarget "crankcam" */;
			buildPhases = (
				68D426731989FF56009F72E4 /* Sources */,
				68D426741989FF56009F72E4 /* Frameworks */,
				68D426751989FF56009F72E4 /* Resources */,
			);
			buildRules = (
			);
			dependencies = (
			);
			name = crankcam;
			productName = crankcam;
			productReference = 68D426771989FF56009F72E4 /* crankcam.app */;
			productType = "com.apple.product-type.application";
		};
		68D426971989FF56009F72E4 /* crankcamTests */ = {
			isa = PBXNativeTarget;
			buildConfigurationList = 68D426AC1989FF56009F72E4 /* Build configuration list for PBXNativeTarget "crankcamTests" */;
			buildPhases = (
				68D426941989FF56009F72E4 /* Sources */,
				68D426951989FF56009F72E4 /* Frameworks */,
				68D426961989FF56009F72E4 /* Resources */,
			);
			buildRules = (
			);
			dependencies = (
				68D4269E1989FF56009F72E4 /* PBXTargetDependency */,
			);
			name = crankcamTests;
			productName = crankcamTests;
			productReference = 68D426981989FF56009F72E4 /* crankcamTests.xctest */;
			productType = "com.apple.product-type.bundle.unit-test";
		};
/* End PBXNativeTarget section */

/* Begin PBXProject section */
		68D4266F1989FF56009F72E4 /* Project object */ = {
			isa = PBXProject;
			attributes = {
				CLASSPREFIX = SF;
				LastUpgradeCheck = 0510;
				ORGANIZATIONNAME = Superfort;
				TargetAttributes = {
					68D426971989FF56009F72E4 = {
						TestTargetID = 68D426761989FF56009F72E4;
					};
				};
			};
			buildConfigurationList = 68D426721989FF56009F72E4 /* Build configuration list for PBXProject "crankcam" */;
			compatibilityVersion = "Xcode 3.2";
			developmentRegion = English;
			hasScannedForEncodings = 0;
			knownRegions = (
				en,
				Base,
			);
			mainGroup = 68D4266E1989FF56009F72E4;
			productRefGroup = 68D426781989FF56009F72E4 /* Products */;
			projectDirPath = "";
			projectRoot = "";
			targets = (
				68D426761989FF56009F72E4 /* crankcam */,
				68D426971989FF56009F72E4 /* crankcamTests */,
			);
		};
/* End PBXProject section */

/* Begin PBXResourcesBuildPhase section */
		68D426751989FF56009F72E4 /* Resources */ = {
			isa = PBXResourcesBuildPhase;
			buildActionMask = 2147483647;
			files = (
				68D426931989FF56009F72E4 /* Images.xcassets in Resources */,
				68D426851989FF56009F72E4 /* InfoPlist.strings in Resources */,
				68D4268E1989FF56009F72E4 /* Main.storyboard in Resources */,
			);
			runOnlyForDeploymentPostprocessing = 0;
		};
		68D426961989FF56009F72E4 /* Resources */ = {
			isa = PBXResourcesBuildPhase;
			buildActionMask = 2147483647;
			files = (
				68D426A41989FF56009F72E4 /* InfoPlist.strings in Resources */,
			);
			runOnlyForDeploymentPostprocessing = 0;
		};
/* End PBXResourcesBuildPhase section */

/* Begin PBXSourcesBuildPhase section */
		68D426731989FF56009F72E4 /* Sources */ = {
			isa = PBXSourcesBuildPhase;
			buildActionMask = 2147483647;
			files = (
				68D426871989FF56009F72E4 /* main.m in Sources */,
				68D426911989FF56009F72E4 /* SFViewController.m in Sources */,
				68D4268B1989FF56009F72E4 /* SFAppDelegate.m in Sources */,
			);
			runOnlyForDeploymentPostprocessing = 0;
		};
		68D426941989FF56009F72E4 /* Sources */ = {
			isa = PBXSourcesBuildPhase;
			buildActionMask = 2147483647;
			files = (
				68D426A61989FF56009F72E4 /* crankcamTests.m in Sources */,
			);
			runOnlyForDeploymentPostprocessing = 0;
		};
/* End PBXSourcesBuildPhase section */

/* Begin PBXTargetDependency section */
		68D4269E1989FF56009F72E4 /* PBXTargetDependency */ = {
			isa = PBXTargetDependency;
			target = 68D426761989FF56009F72E4 /* crankcam */;
			targetProxy = 68D4269D1989FF56009F72E4 /* PBXContainerItemProxy */;
		};
/* End PBXTargetDependency section */

/* Begin PBXVariantGroup section */
		68D426831989FF56009F72E4 /* InfoPlist.strings */ = {
			isa = PBXVariantGroup;
			children = (
				68D426841989FF56009F72E4 /* en */,
			);
			name = InfoPlist.strings;
			sourceTree = "<group>";
		};
		68D4268C1989FF56009F72E4 /* Main.storyboard */ = {
			isa = PBXVariantGroup;
			children = (
				68D4268D1989FF56009F72E4 /* Base */,
			);
			name = Main.storyboard;
			sourceTree = "<group>";
		};
		68D426A21989FF56009F72E4 /* InfoPlist.strings */ = {
			isa = PBXVariantGroup;
			children = (
				68D426A31989FF56009F72E4 /* en */,
			);
			name = InfoPlist.strings;
			sourceTree = "<group>";
		};
/* End PBXVariantGroup section */

/* Begin XCBuildConfiguration section */
		68D426A71989FF56009F72E4 /* Debug */ = {
			isa = XCBuildConfiguration;
			buildSettings = {
				ALWAYS_SEARCH_USER_PATHS = NO;
				CLANG_CXX_LANGUAGE_STANDARD = "gnu++0x";
				CLANG_CXX_LIBRARY = "libc++";
				CLANG_ENABLE_MODULES = YES;
				CLANG_ENABLE_OBJC_ARC = YES;
				CLANG_WARN_BOOL_CONVERSION = YES;
				CLANG_WARN_CONSTANT_CONVERSION = YES;
				CLANG_WARN_DIRECT_OBJC_ISA_USAGE = YES_ERROR;
				CLANG_WARN_EMPTY_BODY = YES;
				CLANG_WARN_ENUM_CONVERSION = YES;
				CLANG_WARN_INT_CONVERSION = YES;
				CLANG_WARN_OBJC_ROOT_CLASS = YES_ERROR;
				CLANG_WARN__DUPLICATE_METHOD_MATCH = YES;
				"CODE_SIGN_IDENTITY[sdk=iphoneos*]" = "iPhone Developer";
				COPY_PHASE_STRIP = NO;
				GCC_C_LANGUAGE_STANDARD = gnu99;
				GCC_DYNAMIC_NO_PIC = NO;
				GCC_OPTIMIZATION_LEVEL = 0;
				GCC_PREPROCESSOR_DEFINITIONS = (
					"DEBUG=1",
					"$(inherited)",
				);
				GCC_SYMBOLS_PRIVATE_EXTERN = NO;
				GCC_WARN_64_TO_32_BIT_CONVERSION = YES;
				GCC_WARN_ABOUT_RETURN_TYPE = YES_ERROR;
				GCC_WARN_UNDECLARED_SELECTOR = YES;
				GCC_WARN_UNINITIALIZED_AUTOS = YES_AGGRESSIVE;
				GCC_WARN_UNUSED_FUNCTION = YES;
				GCC_WARN_UNUSED_VARIABLE = YES;
				IPHONEOS_DEPLOYMENT_TARGET = 7.1;
				ONLY_ACTIVE_ARCH = YES;
				SDKROOT = iphoneos;
			};
			name = Debug;
		};
		68D426A81989FF56009F72E4 /* Release */ = {
			isa = XCBuildConfiguration;
			buildSettings = {
				ALWAYS_SEARCH_USER_PATHS = NO;
				CLANG_CXX_LANGUAGE_STANDARD = "gnu++0x";
				CLANG_CXX_LIBRARY = "libc++";
				CLANG_ENABLE_MODULES = YES;
				CLANG_ENABLE_OBJC_ARC = YES;
				CLANG_WARN_BOOL_CONVERSION = YES;
				CLANG_WARN_CONSTANT_CONVERSION = YES;
				CLANG_WARN_DIRECT_OBJC_ISA_USAGE = YES_ERROR;
				CLANG_WARN_EMPTY_BODY = YES;
				CLANG_WARN_ENUM_CONVERSION = YES;
				CLANG_WARN_INT_CONVERSION = YES;
				CLANG_WARN_OBJC_ROOT_CLASS = YES_ERROR;
				CLANG_WARN__DUPLICATE_METHOD_MATCH = YES;
				"CODE_SIGN_IDENTITY[sdk=iphoneos*]" = "iPhone Developer";
				COPY_PHASE_STRIP = YES;
				ENABLE_NS_ASSERTIONS = NO;
				GCC_C_LANGUAGE_STANDARD = gnu99;
				GCC_WARN_64_TO_32_BIT_CONVERSION = YES;
				GCC_WARN_ABOUT_RETURN_TYPE = YES_ERROR;
				GCC_WARN_UNDECLARED_SELECTOR = YES;
				GCC_WARN_UNINITIALIZED_AUTOS = YES_AGGRESSIVE;
				GCC_WARN_UNUSED_FUNCTION = YES;
				GCC_WARN_UNUSED_VARIABLE = YES;
				IPHONEOS_DEPLOYMENT_TARGET = 7.1;
				SDKROOT = iphoneos;
				VALIDATE_PRODUCT = YES;
			};
			name = Release;
		};
		68D426AA1989FF56009F72E4 /* Debug */ = {
			isa = XCBuildConfiguration;
			buildSettings = {
				ASSETCATALOG_COMPILER_APPICON_NAME = AppIcon;
				ASSETCATALOG_COMPILER_LAUNCHIMAGE_NAME = LaunchImage;
				GCC_PRECOMPILE_PREFIX_HEADER = YES;
				GCC_PREFIX_HEADER = "crankcam/crankcam-Prefix.pch";
				INFOPLIST_FILE = "crankcam/crankcam-Info.plist";
				PRODUCT_NAME = "$(TARGET_NAME)";
				WRAPPER_EXTENSION = app;
			};
			name = Debug;
		};
		68D426AB1989FF56009F72E4 /* Release */ = {
			isa = XCBuildConfiguration;
			buildSettings = {
				ASSETCATALOG_COMPILER_APPICON_NAME = AppIcon;
				ASSETCATALOG_COMPILER_LAUNCHIMAGE_NAME = LaunchImage;
				GCC_PRECOMPILE_PREFIX_HEADER = YES;
				GCC_PREFIX_HEADER = "crankcam/crankcam-Prefix.pch";
				INFOPLIST_FILE = "crankcam/crankcam-Info.plist";
				PRODUCT_NAME = "$(TARGET_NAME)";
				WRAPPER_EXTENSION = app;
			};
			name = Release;
		};
		68D426AD1989FF56009F72E4 /* Debug */ = {
			isa = XCBuildConfiguration;
			buildSettings = {
				BUNDLE_LOADER = "$(BUILT_PRODUCTS_DIR)/crankcam.app/crankcam";
				FRAMEWORK_SEARCH_PATHS = (
					"$(SDKROOT)/Developer/Library/Frameworks",
					"$(inherited)",
					"$(DEVELOPER_FRAMEWORKS_DIR)",
				);
				GCC_PRECOMPILE_PREFIX_HEADER = YES;
				GCC_PREFIX_HEADER = "crankcam/crankcam-Prefix.pch";
				GCC_PREPROCESSOR_DEFINITIONS = (
					"DEBUG=1",
					"$(inherited)",
				);
				INFOPLIST_FILE = "crankcamTests/crankcamTests-Info.plist";
				PRODUCT_NAME = "$(TARGET_NAME)";
				TEST_HOST = "$(BUNDLE_LOADER)";
				WRAPPER_EXTENSION = xctest;
			};
			name = Debug;
		};
		68D426AE1989FF56009F72E4 /* Release */ = {
			isa = XCBuildConfiguration;
			buildSettings = {
				BUNDLE_LOADER = "$(BUILT_PRODUCTS_DIR)/crankcam.app/crankcam";
				FRAMEWORK_SEARCH_PATHS = (
					"$(SDKROOT)/Developer/Library/Frameworks",
					"$(inherited)",
					"$(DEVELOPER_FRAMEWORKS_DIR)",
				);
				GCC_PRECOMPILE_PREFIX_HEADER = YES;
				GCC_PREFIX_HEADER = "crankcam/crankcam-Prefix.pch";
				INFOPLIST_FILE = "crankcamTests/crankcamTests-Info.plist";
				PRODUCT_NAME = "$(TARGET_NAME)";
				TEST_HOST = "$(BUNDLE_LOADER)";
				WRAPPER_EXTENSION = xctest;
			};
			name = Release;
		};
/* End XCBuildConfiguration section */

/* Begin XCConfigurationList section */
		68D426721989FF56009F72E4 /* Build configuration list for PBXProject "crankcam" */ = {
			isa = XCConfigurationList;
			buildConfigurations = (
				68D426A71989FF56009F72E4 /* Debug */,
				68D426A81989FF56009F72E4 /* Release */,
			);
			defaultConfigurationIsVisible = 0;
			defaultConfigurationName = Release;
		};
		68D426A91989FF56009F72E4 /* Build configuration list for PBXNativeTarget "crankcam" */ = {
			isa = XCConfigurationList;
			buildConfigurations = (
				68D426AA1989FF56009F72E4 /* Debug */,
				68D426AB1989FF56009F72E4 /* Release */,
			);
			defaultConfigurationIsVisible = 0;
		};
		68D426AC1989FF56009F72E4 /* Build configuration list for PBXNativeTarget "crankcamTests" */ = {
			isa = XCConfigurationList;
			buildConfigurations = (
				68D426AD1989FF56009F72E4 /* Debug */,
				68D426AE1989FF56009F72E4 /* Release */,
			);
			defaultConfigurationIsVisible = 0;
		};
/* End XCConfigurationList section */
	};
	rootObject = 68D4266F1989FF56009F72E4 /* Project object */;
}
